
Microsoft Visual Studio Solution File, Format Version 12.00
# Visual Studio Version 17
VisualStudioVersion = 17.5.2.0
MinimumVisualStudioVersion = 10.0.40219.1
Project("{FAE04EC0-301F-11D3-BF4B-00C04F79EFBC}") = "UserService", "UserService\UserService.csproj", "{80C25C60-B117-4F4D-A8AE-E9887E3296C3}"
EndProject
Project("{FAE04EC0-301F-11D3-BF4B-00C04F79EFBC}") = "ProductService", "ProductService\ProductService.csproj", "{0ADA1269-45E1-4C23-9D15-F5D8939FA61F}"
EndProject
Project("{FAE04EC0-301F-11D3-BF4B-00C04F79EFBC}") = "OrderService", "OrderService\OrderService.csproj", "{BB4C0EB6-8EBF-422E-8F5B-C7A60C8462F5}"
EndProject
Project("{FAE04EC0-301F-11D3-BF4B-00C04F79EFBC}") = "PaymentService", "PaymentService\PaymentService.csproj", "{12BD17E0-A30E-497F-A7C0-2C667B61E238}"
EndProject
Global
	GlobalSection(SolutionConfigurationPlatforms) = preSolution
		Debug|Any CPU = Debug|Any CPU
		Debug|x64 = Debug|x64
		Debug|x86 = Debug|x86
		Release|Any CPU = Release|Any CPU
		Release|x64 = Release|x64
		Release|x86 = Release|x86
	EndGlobalSection
	GlobalSection(ProjectConfigurationPlatforms) = postSolution
		{80C25C60-B117-4F4D-A8AE-E9887E3296C3}.Debug|Any CPU.ActiveCfg = Debug|Any CPU
		{80C25C60-B117-4F4D-A8AE-E9887E3296C3}.Debug|Any CPU.Build.0 = Debug|Any CPU
		{80C25C60-B117-4F4D-A8AE-E9887E3296C3}.Debug|x64.ActiveCfg = Debug|Any CPU
		{80C25C60-B117-4F4D-A8AE-E9887E3296C3}.Debug|x64.Build.0 = Debug|Any CPU
		{80C25C60-B117-4F4D-A8AE-E9887E3296C3}.Debug|x86.ActiveCfg = Debug|Any CPU
		{80C25C60-B117-4F4D-A8AE-E9887E3296C3}.Debug|x86.Build.0 = Debug|Any CPU
		{80C25C60-B117-4F4D-A8AE-E9887E3296C3}.Release|Any CPU.ActiveCfg = Release|Any CPU
		{80C25C60-B117-4F4D-A8AE-E9887E3296C3}.Release|Any CPU.Build.0 = Release|Any CPU
		{80C25C60-B117-4F4D-A8AE-E9887E3296C3}.Release|x64.ActiveCfg = Release|Any CPU
		{80C25C60-B117-4F4D-A8AE-E9887E3296C3}.Release|x64.Build.0 = Release|Any CPU
		{80C25C60-B117-4F4D-A8AE-E9887E3296C3}.Release|x86.ActiveCfg = Release|Any CPU
		{80C25C60-B117-4F4D-A8AE-E9887E3296C3}.Release|x86.Build.0 = Release|Any CPU
		{0ADA1269-45E1-4C23-9D15-F5D8939FA61F}.Debug|Any CPU.ActiveCfg = Debug|Any CPU
		{0ADA1269-45E1-4C23-9D15-F5D8939FA61F}.Debug|Any CPU.Build.0 = Debug|Any CPU
		{0ADA1269-45E1-4C23-9D15-F5D8939FA61F}.Debug|x64.ActiveCfg = Debug|Any CPU
		{0ADA1269-45E1-4C23-9D15-F5D8939FA61F}.Debug|x64.Build.0 = Debug|Any CPU
		{0ADA1269-45E1-4C23-9D15-F5D8939FA61F}.Debug|x86.ActiveCfg = Debug|Any CPU
		{0ADA1269-45E1-4C23-9D15-F5D8939FA61F}.Debug|x86.Build.0 = Debug|Any CPU
		{0ADA1269-45E1-4C23-9D15-F5D8939FA61F}.Release|Any CPU.ActiveCfg = Release|Any CPU
		{0ADA1269-45E1-4C23-9D15-F5D8939FA61F}.Release|Any CPU.Build.0 = Release|Any CPU
		{0ADA1269-45E1-4C23-9D15-F5D8939FA61F}.Release|x64.ActiveCfg = Release|Any CPU
		{0ADA1269-45E1-4C23-9D15-F5D8939FA61F}.Release|x64.Build.0 = Release|Any CPU
		{0ADA1269-45E1-4C23-9D15-F5D8939FA61F}.Release|x86.ActiveCfg = Release|Any CPU
		{0ADA1269-45E1-4C23-9D15-F5D8939FA61F}.Release|x86.Build.0 = Release|Any CPU
		{BB4C0EB6-8EBF-422E-8F5B-C7A60C8462F5}.Debug|Any CPU.ActiveCfg = Debug|Any CPU
		{BB4C0EB6-8EBF-422E-8F5B-C7A60C8462F5}.Debug|Any CPU.Build.0 = Debug|Any CPU
		{BB4C0EB6-8EBF-422E-8F5B-C7A60C8462F5}.Debug|x64.ActiveCfg = Debug|Any CPU
		{BB4C0EB6-8EBF-422E-8F5B-C7A60C8462F5}.Debug|x64.Build.0 = Debug|Any CPU
		{BB4C0EB6-8EBF-422E-8F5B-C7A60C8462F5}.Debug|x86.ActiveCfg = Debug|Any CPU
		{BB4C0EB6-8EBF-422E-8F5B-C7A60C8462F5}.Debug|x86.Build.0 = Debug|Any CPU
		{BB4C0EB6-8EBF-422E-8F5B-C7A60C8462F5}.Release|Any CPU.ActiveCfg = Release|Any CPU
		{BB4C0EB6-8EBF-422E-8F5B-C7A60C8462F5}.Release|Any CPU.Build.0 = Release|Any CPU
		{BB4C0EB6-8EBF-422E-8F5B-C7A60C8462F5}.Release|x64.ActiveCfg = Release|Any CPU
		{BB4C0EB6-8EBF-422E-8F5B-C7A60C8462F5}.Release|x64.Build.0 = Release|Any CPU
		{BB4C0EB6-8EBF-422E-8F5B-C7A60C8462F5}.Release|x86.ActiveCfg = Release|Any CPU
		{BB4C0EB6-8EBF-422E-8F5B-C7A60C8462F5}.Release|x86.Build.0 = Release|Any CPU
		{12BD17E0-A30E-497F-A7C0-2C667B61E238}.Debug|Any CPU.ActiveCfg = Debug|Any CPU
		{12BD17E0-A30E-497F-A7C0-2C667B61E238}.Debug|Any CPU.Build.0 = Debug|Any CPU
		{12BD17E0-A30E-497F-A7C0-2C667B61E238}.Debug|x64.ActiveCfg = Debug|Any CPU
		{12BD17E0-A30E-497F-A7C0-2C667B61E238}.Debug|x64.Build.0 = Debug|Any CPU
		{12BD17E0-A30E-497F-A7C0-2C667B61E238}.Debug|x86.ActiveCfg = Debug|Any CPU
		{12BD17E0-A30E-497F-A7C0-2C667B61E238}.Debug|x86.Build.0 = Debug|Any CPU
		{12BD17E0-A30E-497F-A7C0-2C667B61E238}.Release|Any CPU.ActiveCfg = Release|Any CPU
		{12BD17E0-A30E-497F-A7C0-2C667B61E238}.Release|Any CPU.Build.0 = Release|Any CPU
		{12BD17E0-A30E-497F-A7C0-2C667B61E238}.Release|x64.ActiveCfg = Release|Any CPU
		{12BD17E0-A30E-497F-A7C0-2C667B61E238}.Release|x64.Build.0 = Release|Any CPU
		{12BD17E0-A30E-497F-A7C0-2C667B61E238}.Release|x86.ActiveCfg = Release|Any CPU
		{12BD17E0-A30E-497F-A7C0-2C667B61E238}.Release|x86.Build.0 = Release|Any CPU
	EndGlobalSection
	GlobalSection(SolutionProperties) = preSolution
		HideSolutionNode = FALSE
	EndGlobalSection
	GlobalSection(ExtensibilityGlobals) = postSolution
		SolutionGuid = {D84BEEB7-C0C1-4E15-8509-BF9CF4F66D51}
	EndGlobalSection
EndGlobal
